// !$*UTF8*$!
{
	archiveVersion = 1;
	classes = {
	};
	objectVersion = 56;
	objects = {

/* Begin PBXBuildFile section */
		5B08CE602B56665600F93F4F /* AppDelegate.swift in Sources */ = {isa = PBXBuildFile; fileRef = 5B08CE5F2B56665600F93F4F /* AppDelegate.swift */; };
		5B08CE622B56665600F93F4F /* SceneDelegate.swift in Sources */ = {isa = PBXBuildFile; fileRef = 5B08CE612B56665600F93F4F /* SceneDelegate.swift */; };
		5B08CE642B56665600F93F4F /* ViewController.swift in Sources */ = {isa = PBXBuildFile; fileRef = 5B08CE632B56665600F93F4F /* ViewController.swift */; };
		5B08CE672B56665600F93F4F /* Main.storyboard in Resources */ = {isa = PBXBuildFile; fileRef = 5B08CE652B56665600F93F4F /* Main.storyboard */; };
		5B08CE6A2B56665600F93F4F /* AnimalAtlas.xcdatamodeld in Sources */ = {isa = PBXBuildFile; fileRef = 5B08CE682B56665600F93F4F /* AnimalAtlas.xcdatamodeld */; };
		5B08CE6C2B56665700F93F4F /* Assets.xcassets in Resources */ = {isa = PBXBuildFile; fileRef = 5B08CE6B2B56665700F93F4F /* Assets.xcassets */; };
		5B08CE6F2B56665700F93F4F /* LaunchScreen.storyboard in Resources */ = {isa = PBXBuildFile; fileRef = 5B08CE6D2B56665700F93F4F /* LaunchScreen.storyboard */; };
		5B08CE7A2B56665700F93F4F /* AnimalAtlasTests.swift in Sources */ = {isa = PBXBuildFile; fileRef = 5B08CE792B56665700F93F4F /* AnimalAtlasTests.swift */; };
		5B08CE842B56665700F93F4F /* AnimalAtlasUITests.swift in Sources */ = {isa = PBXBuildFile; fileRef = 5B08CE832B56665700F93F4F /* AnimalAtlasUITests.swift */; };
		5B08CE862B56665700F93F4F /* AnimalAtlasUITestsLaunchTests.swift in Sources */ = {isa = PBXBuildFile; fileRef = 5B08CE852B56665700F93F4F /* AnimalAtlasUITestsLaunchTests.swift */; };
		5B08CE952B56677F00F93F4F /* Kingfisher in Frameworks */ = {isa = PBXBuildFile; productRef = 5B08CE942B56677F00F93F4F /* Kingfisher */; };
		5B08CEA52B56686700F93F4F /* AnimalListViewController.swift in Sources */ = {isa = PBXBuildFile; fileRef = 5B08CEA42B56686700F93F4F /* AnimalListViewController.swift */; };
		5B08CEA72B56687C00F93F4F /* AnimalListView.swift in Sources */ = {isa = PBXBuildFile; fileRef = 5B08CEA62B56687C00F93F4F /* AnimalListView.swift */; };
		5B08CEA92B56699700F93F4F /* RxCocoa in Frameworks */ = {isa = PBXBuildFile; productRef = 5B08CEA82B56699700F93F4F /* RxCocoa */; };
		5B08CEAB2B56699700F93F4F /* RxRelay in Frameworks */ = {isa = PBXBuildFile; productRef = 5B08CEAA2B56699700F93F4F /* RxRelay */; };
		5B08CEAD2B56699700F93F4F /* RxSwift in Frameworks */ = {isa = PBXBuildFile; productRef = 5B08CEAC2B56699700F93F4F /* RxSwift */; };
		5B08CEAF2B5669B700F93F4F /* SnapKit in Frameworks */ = {isa = PBXBuildFile; productRef = 5B08CEAE2B5669B700F93F4F /* SnapKit */; };
		5B08CEB42B566A2000F93F4F /* AnimalListViewCell.swift in Sources */ = {isa = PBXBuildFile; fileRef = 5B08CEB32B566A2000F93F4F /* AnimalListViewCell.swift */; };
		5B08CEB72B566C1300F93F4F /* UIView+Ext.swift in Sources */ = {isa = PBXBuildFile; fileRef = 5B08CEB62B566C1300F93F4F /* UIView+Ext.swift */; };
		5B08CEB92B566CB000F93F4F /* UIFont+Ext.swift in Sources */ = {isa = PBXBuildFile; fileRef = 5B08CEB82B566CB000F93F4F /* UIFont+Ext.swift */; };
		5B08CEBB2B566CDB00F93F4F /* UIColor+Ext.swift in Sources */ = {isa = PBXBuildFile; fileRef = 5B08CEBA2B566CDB00F93F4F /* UIColor+Ext.swift */; };
		5B08CEBD2B566E1300F93F4F /* NSObject+Ext.swift in Sources */ = {isa = PBXBuildFile; fileRef = 5B08CEBC2B566E1300F93F4F /* NSObject+Ext.swift */; };
		5B08CEC02B5686F900F93F4F /* AnimalListViewModel.swift in Sources */ = {isa = PBXBuildFile; fileRef = 5B08CEBF2B5686F900F93F4F /* AnimalListViewModel.swift */; };
		5B08CEC32B56879700F93F4F /* ErrorHandling.swift in Sources */ = {isa = PBXBuildFile; fileRef = 5B08CEC22B56879700F93F4F /* ErrorHandling.swift */; };
		5B08CEC52B5687C400F93F4F /* Constant.swift in Sources */ = {isa = PBXBuildFile; fileRef = 5B08CEC42B5687C400F93F4F /* Constant.swift */; };
		5B08CEC72B5687D000F93F4F /* ManualInjection.swift in Sources */ = {isa = PBXBuildFile; fileRef = 5B08CEC62B5687D000F93F4F /* ManualInjection.swift */; };
		5B08CEC92B56893E00F93F4F /* ApiClient.swift in Sources */ = {isa = PBXBuildFile; fileRef = 5B08CEC82B56893E00F93F4F /* ApiClient.swift */; };
		5B08CECB2B56898000F93F4F /* NetworkFetcher.swift in Sources */ = {isa = PBXBuildFile; fileRef = 5B08CECA2B56898000F93F4F /* NetworkFetcher.swift */; };
		5B08CECE2B568DF700F93F4F /* AnimalAtlasRemoteDataSource.swift in Sources */ = {isa = PBXBuildFile; fileRef = 5B08CECD2B568DF700F93F4F /* AnimalAtlasRemoteDataSource.swift */; };
		5B08CED22B568E1800F93F4F /* AnimalListRequest.swift in Sources */ = {isa = PBXBuildFile; fileRef = 5B08CED12B568E1800F93F4F /* AnimalListRequest.swift */; };
		5B08CED42B568EEC00F93F4F /* AnimalListResponse.swift in Sources */ = {isa = PBXBuildFile; fileRef = 5B08CED32B568EEC00F93F4F /* AnimalListResponse.swift */; };
		5B08CED62B568F8E00F93F4F /* AnimalAtlasRepository.swift in Sources */ = {isa = PBXBuildFile; fileRef = 5B08CED52B568F8E00F93F4F /* AnimalAtlasRepository.swift */; };
		5B08CED82B56F77100F93F4F /* ObservableType+Ext.swift in Sources */ = {isa = PBXBuildFile; fileRef = 5B08CED72B56F77100F93F4F /* ObservableType+Ext.swift */; };
		5B08CEDD2B56FD7B00F93F4F /* AnimalDetailViewController.swift in Sources */ = {isa = PBXBuildFile; fileRef = 5B08CEDC2B56FD7B00F93F4F /* AnimalDetailViewController.swift */; };
		5B08CEE12B56FDC500F93F4F /* Router.swift in Sources */ = {isa = PBXBuildFile; fileRef = 5B08CEE02B56FDC500F93F4F /* Router.swift */; };
		5B08CEE32B56FF4C00F93F4F /* AnimalDetailView.swift in Sources */ = {isa = PBXBuildFile; fileRef = 5B08CEE22B56FF4C00F93F4F /* AnimalDetailView.swift */; };
		5B08CEE72B57AC4800F93F4F /* Converter.swift in Sources */ = {isa = PBXBuildFile; fileRef = 5B08CEE62B57AC4800F93F4F /* Converter.swift */; };
		5B08CEE92B580B5F00F93F4F /* AnimalPhotoCollectionViewCell.swift in Sources */ = {isa = PBXBuildFile; fileRef = 5B08CEE82B580B5F00F93F4F /* AnimalPhotoCollectionViewCell.swift */; };
		5B08CEEB2B5816E100F93F4F /* AnimalPhotoResponse.swift in Sources */ = {isa = PBXBuildFile; fileRef = 5B08CEEA2B5816E100F93F4F /* AnimalPhotoResponse.swift */; };
		5B08CEED2B5816FA00F93F4F /* AnimalPhotoRequest.swift in Sources */ = {isa = PBXBuildFile; fileRef = 5B08CEEC2B5816FA00F93F4F /* AnimalPhotoRequest.swift */; };
		5B206E102B584011002864DD /* AnimalFavoriteViewController.swift in Sources */ = {isa = PBXBuildFile; fileRef = 5B206E0F2B584011002864DD /* AnimalFavoriteViewController.swift */; };
		5B206E122B5840AE002864DD /* AnimalFavoriteView.swift in Sources */ = {isa = PBXBuildFile; fileRef = 5B206E112B5840AE002864DD /* AnimalFavoriteView.swift */; };
		5B206E142B5840F2002864DD /* AnimalFavoriteViewModel.swift in Sources */ = {isa = PBXBuildFile; fileRef = 5B206E132B5840F2002864DD /* AnimalFavoriteViewModel.swift */; };
		5B206E162B5841F0002864DD /* AnimalFavoriteViewCell.swift in Sources */ = {isa = PBXBuildFile; fileRef = 5B206E152B5841F0002864DD /* AnimalFavoriteViewCell.swift */; };
		5B206E192B5AEB93002864DD /* AnimalAtlasLocaleDataSource.swift in Sources */ = {isa = PBXBuildFile; fileRef = 5B206E182B5AEB93002864DD /* AnimalAtlasLocaleDataSource.swift */; };
		5B206E1B2B5AEBE9002864DD /* AnimalAtlasModel.swift in Sources */ = {isa = PBXBuildFile; fileRef = 5B206E1A2B5AEBE9002864DD /* AnimalAtlasModel.swift */; };
		5BEE12122B5FE761002D1D98 /* Collection+Ext.swift in Sources */ = {isa = PBXBuildFile; fileRef = 5BEE12112B5FE761002D1D98 /* Collection+Ext.swift */; };
		5BEE12142B5FE79A002D1D98 /* AnimalDetailViewModel.swift in Sources */ = {isa = PBXBuildFile; fileRef = 5BEE12132B5FE79A002D1D98 /* AnimalDetailViewModel.swift */; };
/* End PBXBuildFile section */

/* Begin PBXContainerItemProxy section */
		5B08CE762B56665700F93F4F /* PBXContainerItemProxy */ = {
			isa = PBXContainerItemProxy;
			containerPortal = 5B08CE542B56665600F93F4F /* Project object */;
			proxyType = 1;
			remoteGlobalIDString = 5B08CE5B2B56665600F93F4F;
			remoteInfo = AnimalAtlas;
		};
		5B08CE802B56665700F93F4F /* PBXContainerItemProxy */ = {
			isa = PBXContainerItemProxy;
			containerPortal = 5B08CE542B56665600F93F4F /* Project object */;
			proxyType = 1;
			remoteGlobalIDString = 5B08CE5B2B56665600F93F4F;
			remoteInfo = AnimalAtlas;
		};
/* End PBXContainerItemProxy section */

/* Begin PBXFileReference section */
		5B08CE5C2B56665600F93F4F /* AnimalAtlas.app */ = {isa = PBXFileReference; explicitFileType = wrapper.application; includeInIndex = 0; path = AnimalAtlas.app; sourceTree = BUILT_PRODUCTS_DIR; };
		5B08CE5F2B56665600F93F4F /* AppDelegate.swift */ = {isa = PBXFileReference; lastKnownFileType = sourcecode.swift; path = AppDelegate.swift; sourceTree = "<group>"; };
		5B08CE612B56665600F93F4F /* SceneDelegate.swift */ = {isa = PBXFileReference; lastKnownFileType = sourcecode.swift; path = SceneDelegate.swift; sourceTree = "<group>"; };
		5B08CE632B56665600F93F4F /* ViewController.swift */ = {isa = PBXFileReference; lastKnownFileType = sourcecode.swift; path = ViewController.swift; sourceTree = "<group>"; };
		5B08CE662B56665600F93F4F /* Base */ = {isa = PBXFileReference; lastKnownFileType = file.storyboard; name = Base; path = Base.lproj/Main.storyboard; sourceTree = "<group>"; };
		5B08CE692B56665600F93F4F /* AnimalAtlas.xcdatamodel */ = {isa = PBXFileReference; lastKnownFileType = wrapper.xcdatamodel; path = AnimalAtlas.xcdatamodel; sourceTree = "<group>"; };
		5B08CE6B2B56665700F93F4F /* Assets.xcassets */ = {isa = PBXFileReference; lastKnownFileType = folder.assetcatalog; path = Assets.xcassets; sourceTree = "<group>"; };
		5B08CE6E2B56665700F93F4F /* Base */ = {isa = PBXFileReference; lastKnownFileType = file.storyboard; name = Base; path = Base.lproj/LaunchScreen.storyboard; sourceTree = "<group>"; };
		5B08CE702B56665700F93F4F /* Info.plist */ = {isa = PBXFileReference; lastKnownFileType = text.plist.xml; path = Info.plist; sourceTree = "<group>"; };
		5B08CE752B56665700F93F4F /* AnimalAtlasTests.xctest */ = {isa = PBXFileReference; explicitFileType = wrapper.cfbundle; includeInIndex = 0; path = AnimalAtlasTests.xctest; sourceTree = BUILT_PRODUCTS_DIR; };
		5B08CE792B56665700F93F4F /* AnimalAtlasTests.swift */ = {isa = PBXFileReference; lastKnownFileType = sourcecode.swift; path = AnimalAtlasTests.swift; sourceTree = "<group>"; };
		5B08CE7F2B56665700F93F4F /* AnimalAtlasUITests.xctest */ = {isa = PBXFileReference; explicitFileType = wrapper.cfbundle; includeInIndex = 0; path = AnimalAtlasUITests.xctest; sourceTree = BUILT_PRODUCTS_DIR; };
		5B08CE832B56665700F93F4F /* AnimalAtlasUITests.swift */ = {isa = PBXFileReference; lastKnownFileType = sourcecode.swift; path = AnimalAtlasUITests.swift; sourceTree = "<group>"; };
		5B08CE852B56665700F93F4F /* AnimalAtlasUITestsLaunchTests.swift */ = {isa = PBXFileReference; lastKnownFileType = sourcecode.swift; path = AnimalAtlasUITestsLaunchTests.swift; sourceTree = "<group>"; };
		5B08CEA42B56686700F93F4F /* AnimalListViewController.swift */ = {isa = PBXFileReference; lastKnownFileType = sourcecode.swift; path = AnimalListViewController.swift; sourceTree = "<group>"; };
		5B08CEA62B56687C00F93F4F /* AnimalListView.swift */ = {isa = PBXFileReference; lastKnownFileType = sourcecode.swift; path = AnimalListView.swift; sourceTree = "<group>"; };
		5B08CEB32B566A2000F93F4F /* AnimalListViewCell.swift */ = {isa = PBXFileReference; lastKnownFileType = sourcecode.swift; path = AnimalListViewCell.swift; sourceTree = "<group>"; };
		5B08CEB62B566C1300F93F4F /* UIView+Ext.swift */ = {isa = PBXFileReference; lastKnownFileType = sourcecode.swift; path = "UIView+Ext.swift"; sourceTree = "<group>"; };
		5B08CEB82B566CB000F93F4F /* UIFont+Ext.swift */ = {isa = PBXFileReference; lastKnownFileType = sourcecode.swift; path = "UIFont+Ext.swift"; sourceTree = "<group>"; };
		5B08CEBA2B566CDB00F93F4F /* UIColor+Ext.swift */ = {isa = PBXFileReference; lastKnownFileType = sourcecode.swift; path = "UIColor+Ext.swift"; sourceTree = "<group>"; };
		5B08CEBC2B566E1300F93F4F /* NSObject+Ext.swift */ = {isa = PBXFileReference; lastKnownFileType = sourcecode.swift; path = "NSObject+Ext.swift"; sourceTree = "<group>"; };
		5B08CEBF2B5686F900F93F4F /* AnimalListViewModel.swift */ = {isa = PBXFileReference; lastKnownFileType = sourcecode.swift; path = AnimalListViewModel.swift; sourceTree = "<group>"; };
		5B08CEC22B56879700F93F4F /* ErrorHandling.swift */ = {isa = PBXFileReference; lastKnownFileType = sourcecode.swift; path = ErrorHandling.swift; sourceTree = "<group>"; };
		5B08CEC42B5687C400F93F4F /* Constant.swift */ = {isa = PBXFileReference; lastKnownFileType = sourcecode.swift; path = Constant.swift; sourceTree = "<group>"; };
		5B08CEC62B5687D000F93F4F /* ManualInjection.swift */ = {isa = PBXFileReference; lastKnownFileType = sourcecode.swift; path = ManualInjection.swift; sourceTree = "<group>"; };
		5B08CEC82B56893E00F93F4F /* ApiClient.swift */ = {isa = PBXFileReference; lastKnownFileType = sourcecode.swift; path = ApiClient.swift; sourceTree = "<group>"; };
		5B08CECA2B56898000F93F4F /* NetworkFetcher.swift */ = {isa = PBXFileReference; lastKnownFileType = sourcecode.swift; path = NetworkFetcher.swift; sourceTree = "<group>"; };
		5B08CECD2B568DF700F93F4F /* AnimalAtlasRemoteDataSource.swift */ = {isa = PBXFileReference; lastKnownFileType = sourcecode.swift; path = AnimalAtlasRemoteDataSource.swift; sourceTree = "<group>"; };
		5B08CED12B568E1800F93F4F /* AnimalListRequest.swift */ = {isa = PBXFileReference; lastKnownFileType = sourcecode.swift; path = AnimalListRequest.swift; sourceTree = "<group>"; };
		5B08CED32B568EEC00F93F4F /* AnimalListResponse.swift */ = {isa = PBXFileReference; lastKnownFileType = sourcecode.swift; path = AnimalListResponse.swift; sourceTree = "<group>"; };
		5B08CED52B568F8E00F93F4F /* AnimalAtlasRepository.swift */ = {isa = PBXFileReference; lastKnownFileType = sourcecode.swift; path = AnimalAtlasRepository.swift; sourceTree = "<group>"; };
		5B08CED72B56F77100F93F4F /* ObservableType+Ext.swift */ = {isa = PBXFileReference; lastKnownFileType = sourcecode.swift; path = "ObservableType+Ext.swift"; sourceTree = "<group>"; };
		5B08CEDC2B56FD7B00F93F4F /* AnimalDetailViewController.swift */ = {isa = PBXFileReference; lastKnownFileType = sourcecode.swift; path = AnimalDetailViewController.swift; sourceTree = "<group>"; };
		5B08CEE02B56FDC500F93F4F /* Router.swift */ = {isa = PBXFileReference; lastKnownFileType = sourcecode.swift; path = Router.swift; sourceTree = "<group>"; };
		5B08CEE22B56FF4C00F93F4F /* AnimalDetailView.swift */ = {isa = PBXFileReference; lastKnownFileType = sourcecode.swift; path = AnimalDetailView.swift; sourceTree = "<group>"; };
		5B08CEE62B57AC4800F93F4F /* Converter.swift */ = {isa = PBXFileReference; lastKnownFileType = sourcecode.swift; path = Converter.swift; sourceTree = "<group>"; };
		5B08CEE82B580B5F00F93F4F /* AnimalPhotoCollectionViewCell.swift */ = {isa = PBXFileReference; lastKnownFileType = sourcecode.swift; path = AnimalPhotoCollectionViewCell.swift; sourceTree = "<group>"; };
		5B08CEEA2B5816E100F93F4F /* AnimalPhotoResponse.swift */ = {isa = PBXFileReference; lastKnownFileType = sourcecode.swift; path = AnimalPhotoResponse.swift; sourceTree = "<group>"; };
		5B08CEEC2B5816FA00F93F4F /* AnimalPhotoRequest.swift */ = {isa = PBXFileReference; lastKnownFileType = sourcecode.swift; path = AnimalPhotoRequest.swift; sourceTree = "<group>"; };
		5B206E0F2B584011002864DD /* AnimalFavoriteViewController.swift */ = {isa = PBXFileReference; lastKnownFileType = sourcecode.swift; path = AnimalFavoriteViewController.swift; sourceTree = "<group>"; };
		5B206E112B5840AE002864DD /* AnimalFavoriteView.swift */ = {isa = PBXFileReference; lastKnownFileType = sourcecode.swift; path = AnimalFavoriteView.swift; sourceTree = "<group>"; };
		5B206E132B5840F2002864DD /* AnimalFavoriteViewModel.swift */ = {isa = PBXFileReference; lastKnownFileType = sourcecode.swift; path = AnimalFavoriteViewModel.swift; sourceTree = "<group>"; };
		5B206E152B5841F0002864DD /* AnimalFavoriteViewCell.swift */ = {isa = PBXFileReference; lastKnownFileType = sourcecode.swift; path = AnimalFavoriteViewCell.swift; sourceTree = "<group>"; };
		5B206E182B5AEB93002864DD /* AnimalAtlasLocaleDataSource.swift */ = {isa = PBXFileReference; lastKnownFileType = sourcecode.swift; path = AnimalAtlasLocaleDataSource.swift; sourceTree = "<group>"; };
		5B206E1A2B5AEBE9002864DD /* AnimalAtlasModel.swift */ = {isa = PBXFileReference; lastKnownFileType = sourcecode.swift; path = AnimalAtlasModel.swift; sourceTree = "<group>"; };
		5BEE12112B5FE761002D1D98 /* Collection+Ext.swift */ = {isa = PBXFileReference; fileEncoding = 4; lastKnownFileType = sourcecode.swift; path = "Collection+Ext.swift"; sourceTree = "<group>"; };
		5BEE12132B5FE79A002D1D98 /* AnimalDetailViewModel.swift */ = {isa = PBXFileReference; fileEncoding = 4; lastKnownFileType = sourcecode.swift; path = AnimalDetailViewModel.swift; sourceTree = "<group>"; };
/* End PBXFileReference section */

/* Begin PBXFrameworksBuildPhase section */
		5B08CE592B56665600F93F4F /* Frameworks */ = {
			isa = PBXFrameworksBuildPhase;
			buildActionMask = 2147483647;
			files = (
				5B08CEAB2B56699700F93F4F /* RxRelay in Frameworks */,
				5B08CEA92B56699700F93F4F /* RxCocoa in Frameworks */,
				5B08CEAD2B56699700F93F4F /* RxSwift in Frameworks */,
				5B08CE952B56677F00F93F4F /* Kingfisher in Frameworks */,
				5B08CEAF2B5669B700F93F4F /* SnapKit in Frameworks */,
			);
			runOnlyForDeploymentPostprocessing = 0;
		};
		5B08CE722B56665700F93F4F /* Frameworks */ = {
			isa = PBXFrameworksBuildPhase;
			buildActionMask = 2147483647;
			files = (
			);
			runOnlyForDeploymentPostprocessing = 0;
		};
		5B08CE7C2B56665700F93F4F /* Frameworks */ = {
			isa = PBXFrameworksBuildPhase;
			buildActionMask = 2147483647;
			files = (
			);
			runOnlyForDeploymentPostprocessing = 0;
		};
/* End PBXFrameworksBuildPhase section */

/* Begin PBXGroup section */
		5B08CE532B56665600F93F4F = {
			isa = PBXGroup;
			children = (
				5B08CE5E2B56665600F93F4F /* AnimalAtlas */,
				5B08CE782B56665700F93F4F /* AnimalAtlasTests */,
				5B08CE822B56665700F93F4F /* AnimalAtlasUITests */,
				5B08CE5D2B56665600F93F4F /* Products */,
			);
			sourceTree = "<group>";
		};
		5B08CE5D2B56665600F93F4F /* Products */ = {
			isa = PBXGroup;
			children = (
				5B08CE5C2B56665600F93F4F /* AnimalAtlas.app */,
				5B08CE752B56665700F93F4F /* AnimalAtlasTests.xctest */,
				5B08CE7F2B56665700F93F4F /* AnimalAtlasUITests.xctest */,
			);
			name = Products;
			sourceTree = "<group>";
		};
		5B08CE5E2B56665600F93F4F /* AnimalAtlas */ = {
			isa = PBXGroup;
			children = (
				5B08CEB52B566C0900F93F4F /* Extensions */,
				5B08CE9F2B5667DC00F93F4F /* Additional Files */,
				5B08CE982B56679800F93F4F /* Core */,
				5B08CE972B56679300F93F4F /* Module */,
				5B08CE632B56665600F93F4F /* ViewController.swift */,
				5B08CE652B56665600F93F4F /* Main.storyboard */,
				5B08CE6B2B56665700F93F4F /* Assets.xcassets */,
				5B08CE6D2B56665700F93F4F /* LaunchScreen.storyboard */,
				5B08CE702B56665700F93F4F /* Info.plist */,
				5B08CE682B56665600F93F4F /* AnimalAtlas.xcdatamodeld */,
			);
			path = AnimalAtlas;
			sourceTree = "<group>";
		};
		5B08CE782B56665700F93F4F /* AnimalAtlasTests */ = {
			isa = PBXGroup;
			children = (
				5B08CE792B56665700F93F4F /* AnimalAtlasTests.swift */,
			);
			path = AnimalAtlasTests;
			sourceTree = "<group>";
		};
		5B08CE822B56665700F93F4F /* AnimalAtlasUITests */ = {
			isa = PBXGroup;
			children = (
				5B08CE832B56665700F93F4F /* AnimalAtlasUITests.swift */,
				5B08CE852B56665700F93F4F /* AnimalAtlasUITestsLaunchTests.swift */,
			);
			path = AnimalAtlasUITests;
			sourceTree = "<group>";
		};
		5B08CE972B56679300F93F4F /* Module */ = {
			isa = PBXGroup;
			children = (
				5B206E0C2B583FE8002864DD /* Animal Favorite */,
				5B08CED92B56FD5D00F93F4F /* Animal Detail */,
				5B08CEA02B56683900F93F4F /* Animal List */,
			);
			path = Module;
			sourceTree = "<group>";
		};
		5B08CE982B56679800F93F4F /* Core */ = {
			isa = PBXGroup;
			children = (
				5B08CE9E2B5667CC00F93F4F /* Router */,
				5B08CE9D2B5667C700F93F4F /* Helper */,
				5B08CE992B56679C00F93F4F /* Data */,
			);
			path = Core;
			sourceTree = "<group>";
		};
		5B08CE992B56679C00F93F4F /* Data */ = {
			isa = PBXGroup;
			children = (
				5B08CE9C2B5667B700F93F4F /* Remote */,
				5B08CE9B2B5667B100F93F4F /* Locale */,
				5B08CE9A2B5667AC00F93F4F /* Repository */,
			);
			path = Data;
			sourceTree = "<group>";
		};
		5B08CE9A2B5667AC00F93F4F /* Repository */ = {
			isa = PBXGroup;
			children = (
				5B08CED52B568F8E00F93F4F /* AnimalAtlasRepository.swift */,
			);
			path = Repository;
			sourceTree = "<group>";
		};
		5B08CE9B2B5667B100F93F4F /* Locale */ = {
			isa = PBXGroup;
			children = (
				5B206E172B5AEB7A002864DD /* Model */,
				5B206E182B5AEB93002864DD /* AnimalAtlasLocaleDataSource.swift */,
			);
			path = Locale;
			sourceTree = "<group>";
		};
		5B08CE9C2B5667B700F93F4F /* Remote */ = {
			isa = PBXGroup;
			children = (
				5B08CECC2B568DC800F93F4F /* AnimalAtlas */,
				5B08CEC12B56878F00F93F4F /* Base */,
				5B08CECD2B568DF700F93F4F /* AnimalAtlasRemoteDataSource.swift */,
			);
			path = Remote;
			sourceTree = "<group>";
		};
		5B08CE9D2B5667C700F93F4F /* Helper */ = {
			isa = PBXGroup;
			children = (
				5B08CEC42B5687C400F93F4F /* Constant.swift */,
				5B08CEC62B5687D000F93F4F /* ManualInjection.swift */,
				5B08CEE62B57AC4800F93F4F /* Converter.swift */,
			);
			path = Helper;
			sourceTree = "<group>";
		};
		5B08CE9E2B5667CC00F93F4F /* Router */ = {
			isa = PBXGroup;
			children = (
				5B08CEE02B56FDC500F93F4F /* Router.swift */,
			);
			path = Router;
			sourceTree = "<group>";
		};
		5B08CE9F2B5667DC00F93F4F /* Additional Files */ = {
			isa = PBXGroup;
			children = (
				5B08CE612B56665600F93F4F /* SceneDelegate.swift */,
				5B08CE5F2B56665600F93F4F /* AppDelegate.swift */,
			);
			path = "Additional Files";
			sourceTree = "<group>";
		};
		5B08CEA02B56683900F93F4F /* Animal List */ = {
			isa = PBXGroup;
			children = (
				5B08CEA32B56684E00F93F4F /* View Model */,
				5B08CEA22B56684900F93F4F /* View */,
			);
			path = "Animal List";
			sourceTree = "<group>";
		};
		5B08CEA22B56684900F93F4F /* View */ = {
			isa = PBXGroup;
			children = (
				5B08CEA42B56686700F93F4F /* AnimalListViewController.swift */,
				5B08CEA62B56687C00F93F4F /* AnimalListView.swift */,
				5B08CEB32B566A2000F93F4F /* AnimalListViewCell.swift */,
			);
			path = View;
			sourceTree = "<group>";
		};
		5B08CEA32B56684E00F93F4F /* View Model */ = {
			isa = PBXGroup;
			children = (
				5B08CEBF2B5686F900F93F4F /* AnimalListViewModel.swift */,
			);
			path = "View Model";
			sourceTree = "<group>";
		};
		5B08CEB52B566C0900F93F4F /* Extensions */ = {
			isa = PBXGroup;
			children = (
				5B08CEB62B566C1300F93F4F /* UIView+Ext.swift */,
				5B08CEB82B566CB000F93F4F /* UIFont+Ext.swift */,
				5B08CEBA2B566CDB00F93F4F /* UIColor+Ext.swift */,
				5B08CEBC2B566E1300F93F4F /* NSObject+Ext.swift */,
				5B08CED72B56F77100F93F4F /* ObservableType+Ext.swift */,
				5BEE12112B5FE761002D1D98 /* Collection+Ext.swift */,
			);
			path = Extensions;
			sourceTree = "<group>";
		};
		5B08CEC12B56878F00F93F4F /* Base */ = {
			isa = PBXGroup;
			children = (
				5B08CEC22B56879700F93F4F /* ErrorHandling.swift */,
				5B08CEC82B56893E00F93F4F /* ApiClient.swift */,
				5B08CECA2B56898000F93F4F /* NetworkFetcher.swift */,
			);
			path = Base;
			sourceTree = "<group>";
		};
		5B08CECC2B568DC800F93F4F /* AnimalAtlas */ = {
			isa = PBXGroup;
			children = (
				5B08CED02B568E0200F93F4F /* Response */,
				5B08CECF2B568DFE00F93F4F /* Request */,
			);
			path = AnimalAtlas;
			sourceTree = "<group>";
		};
		5B08CECF2B568DFE00F93F4F /* Request */ = {
			isa = PBXGroup;
			children = (
				5B08CED12B568E1800F93F4F /* AnimalListRequest.swift */,
				5B08CEEC2B5816FA00F93F4F /* AnimalPhotoRequest.swift */,
			);
			path = Request;
			sourceTree = "<group>";
		};
		5B08CED02B568E0200F93F4F /* Response */ = {
			isa = PBXGroup;
			children = (
				5B08CED32B568EEC00F93F4F /* AnimalListResponse.swift */,
				5B08CEEA2B5816E100F93F4F /* AnimalPhotoResponse.swift */,
			);
			path = Response;
			sourceTree = "<group>";
		};
		5B08CED92B56FD5D00F93F4F /* Animal Detail */ = {
			isa = PBXGroup;
			children = (
				5B08CEDB2B56FD6B00F93F4F /* View Model */,
				5B08CEDA2B56FD6700F93F4F /* View */,
			);
			path = "Animal Detail";
			sourceTree = "<group>";
		};
		5B08CEDA2B56FD6700F93F4F /* View */ = {
			isa = PBXGroup;
			children = (
				5B08CEDC2B56FD7B00F93F4F /* AnimalDetailViewController.swift */,
				5B08CEE22B56FF4C00F93F4F /* AnimalDetailView.swift */,
				5B08CEE82B580B5F00F93F4F /* AnimalPhotoCollectionViewCell.swift */,
			);
			path = View;
			sourceTree = "<group>";
		};
		5B08CEDB2B56FD6B00F93F4F /* View Model */ = {
			isa = PBXGroup;
			children = (
				5BEE12132B5FE79A002D1D98 /* AnimalDetailViewModel.swift */,
			);
			path = "View Model";
			sourceTree = "<group>";
		};
		5B206E0C2B583FE8002864DD /* Animal Favorite */ = {
			isa = PBXGroup;
			children = (
				5B206E0E2B583FF6002864DD /* View Model */,
				5B206E0D2B583FF2002864DD /* View */,
			);
			path = "Animal Favorite";
			sourceTree = "<group>";
		};
		5B206E0D2B583FF2002864DD /* View */ = {
			isa = PBXGroup;
			children = (
				5B206E0F2B584011002864DD /* AnimalFavoriteViewController.swift */,
				5B206E112B5840AE002864DD /* AnimalFavoriteView.swift */,
				5B206E152B5841F0002864DD /* AnimalFavoriteViewCell.swift */,
			);
			path = View;
			sourceTree = "<group>";
		};
		5B206E0E2B583FF6002864DD /* View Model */ = {
			isa = PBXGroup;
			children = (
				5B206E132B5840F2002864DD /* AnimalFavoriteViewModel.swift */,
			);
			path = "View Model";
			sourceTree = "<group>";
		};
		5B206E172B5AEB7A002864DD /* Model */ = {
			isa = PBXGroup;
			children = (
				5B206E1A2B5AEBE9002864DD /* AnimalAtlasModel.swift */,
			);
			path = Model;
			sourceTree = "<group>";
		};
/* End PBXGroup section */

/* Begin PBXNativeTarget section */
		5B08CE5B2B56665600F93F4F /* AnimalAtlas */ = {
			isa = PBXNativeTarget;
			buildConfigurationList = 5B08CE892B56665700F93F4F /* Build configuration list for PBXNativeTarget "AnimalAtlas" */;
			buildPhases = (
				5B08CE582B56665600F93F4F /* Sources */,
				5B08CE592B56665600F93F4F /* Frameworks */,
				5B08CE5A2B56665600F93F4F /* Resources */,
			);
			buildRules = (
			);
			dependencies = (
			);
			name = AnimalAtlas;
			packageProductDependencies = (
				5B08CE942B56677F00F93F4F /* Kingfisher */,
				5B08CEA82B56699700F93F4F /* RxCocoa */,
				5B08CEAA2B56699700F93F4F /* RxRelay */,
				5B08CEAC2B56699700F93F4F /* RxSwift */,
				5B08CEAE2B5669B700F93F4F /* SnapKit */,
			);
			productName = AnimalAtlas;
			productReference = 5B08CE5C2B56665600F93F4F /* AnimalAtlas.app */;
			productType = "com.apple.product-type.application";
		};
		5B08CE742B56665700F93F4F /* AnimalAtlasTests */ = {
			isa = PBXNativeTarget;
			buildConfigurationList = 5B08CE8C2B56665700F93F4F /* Build configuration list for PBXNativeTarget "AnimalAtlasTests" */;
			buildPhases = (
				5B08CE712B56665700F93F4F /* Sources */,
				5B08CE722B56665700F93F4F /* Frameworks */,
				5B08CE732B56665700F93F4F /* Resources */,
			);
			buildRules = (
			);
			dependencies = (
				5B08CE772B56665700F93F4F /* PBXTargetDependency */,
			);
			name = AnimalAtlasTests;
			productName = AnimalAtlasTests;
			productReference = 5B08CE752B56665700F93F4F /* AnimalAtlasTests.xctest */;
			productType = "com.apple.product-type.bundle.unit-test";
		};
		5B08CE7E2B56665700F93F4F /* AnimalAtlasUITests */ = {
			isa = PBXNativeTarget;
			buildConfigurationList = 5B08CE8F2B56665700F93F4F /* Build configuration list for PBXNativeTarget "AnimalAtlasUITests" */;
			buildPhases = (
				5B08CE7B2B56665700F93F4F /* Sources */,
				5B08CE7C2B56665700F93F4F /* Frameworks */,
				5B08CE7D2B56665700F93F4F /* Resources */,
			);
			buildRules = (
			);
			dependencies = (
				5B08CE812B56665700F93F4F /* PBXTargetDependency */,
			);
			name = AnimalAtlasUITests;
			productName = AnimalAtlasUITests;
			productReference = 5B08CE7F2B56665700F93F4F /* AnimalAtlasUITests.xctest */;
			productType = "com.apple.product-type.bundle.ui-testing";
		};
/* End PBXNativeTarget section */

/* Begin PBXProject section */
		5B08CE542B56665600F93F4F /* Project object */ = {
			isa = PBXProject;
			attributes = {
				BuildIndependentTargetsInParallel = 1;
				LastSwiftUpdateCheck = 1500;
				LastUpgradeCheck = 1500;
				TargetAttributes = {
					5B08CE5B2B56665600F93F4F = {
						CreatedOnToolsVersion = 15.0.1;
					};
					5B08CE742B56665700F93F4F = {
						CreatedOnToolsVersion = 15.0.1;
						TestTargetID = 5B08CE5B2B56665600F93F4F;
					};
					5B08CE7E2B56665700F93F4F = {
						CreatedOnToolsVersion = 15.0.1;
						TestTargetID = 5B08CE5B2B56665600F93F4F;
					};
				};
			};
			buildConfigurationList = 5B08CE572B56665600F93F4F /* Build configuration list for PBXProject "AnimalAtlas" */;
			compatibilityVersion = "Xcode 14.0";
			developmentRegion = en;
			hasScannedForEncodings = 0;
			knownRegions = (
				en,
				Base,
			);
			mainGroup = 5B08CE532B56665600F93F4F;
			packageReferences = (
				5B08CE922B56677200F93F4F /* XCRemoteSwiftPackageReference "SnapKit" */,
				5B08CE932B56677F00F93F4F /* XCRemoteSwiftPackageReference "Kingfisher" */,
				5B08CE962B56678C00F93F4F /* XCRemoteSwiftPackageReference "RxSwift" */,
			);
			productRefGroup = 5B08CE5D2B56665600F93F4F /* Products */;
			projectDirPath = "";
			projectRoot = "";
			targets = (
				5B08CE5B2B56665600F93F4F /* AnimalAtlas */,
				5B08CE742B56665700F93F4F /* AnimalAtlasTests */,
				5B08CE7E2B56665700F93F4F /* AnimalAtlasUITests */,
			);
		};
/* End PBXProject section */

/* Begin PBXResourcesBuildPhase section */
		5B08CE5A2B56665600F93F4F /* Resources */ = {
			isa = PBXResourcesBuildPhase;
			buildActionMask = 2147483647;
			files = (
				5B08CE6F2B56665700F93F4F /* LaunchScreen.storyboard in Resources */,
				5B08CE6C2B56665700F93F4F /* Assets.xcassets in Resources */,
				5B08CE672B56665600F93F4F /* Main.storyboard in Resources */,
			);
			runOnlyForDeploymentPostprocessing = 0;
		};
		5B08CE732B56665700F93F4F /* Resources */ = {
			isa = PBXResourcesBuildPhase;
			buildActionMask = 2147483647;
			files = (
			);
			runOnlyForDeploymentPostprocessing = 0;
		};
		5B08CE7D2B56665700F93F4F /* Resources */ = {
			isa = PBXResourcesBuildPhase;
			buildActionMask = 2147483647;
			files = (
			);
			runOnlyForDeploymentPostprocessing = 0;
		};
/* End PBXResourcesBuildPhase section */

/* Begin PBXSourcesBuildPhase section */
		5B08CE582B56665600F93F4F /* Sources */ = {
			isa = PBXSourcesBuildPhase;
			buildActionMask = 2147483647;
			files = (
				5B08CED62B568F8E00F93F4F /* AnimalAtlasRepository.swift in Sources */,
				5B08CEBD2B566E1300F93F4F /* NSObject+Ext.swift in Sources */,
				5B206E1B2B5AEBE9002864DD /* AnimalAtlasModel.swift in Sources */,
				5B08CEED2B5816FA00F93F4F /* AnimalPhotoRequest.swift in Sources */,
				5B08CEE12B56FDC500F93F4F /* Router.swift in Sources */,
				5B08CEB72B566C1300F93F4F /* UIView+Ext.swift in Sources */,
				5B08CEC02B5686F900F93F4F /* AnimalListViewModel.swift in Sources */,
				5B206E162B5841F0002864DD /* AnimalFavoriteViewCell.swift in Sources */,
				5B206E142B5840F2002864DD /* AnimalFavoriteViewModel.swift in Sources */,
				5B206E102B584011002864DD /* AnimalFavoriteViewController.swift in Sources */,
				5B08CED82B56F77100F93F4F /* ObservableType+Ext.swift in Sources */,
				5B08CEEB2B5816E100F93F4F /* AnimalPhotoResponse.swift in Sources */,
				5B08CEC92B56893E00F93F4F /* ApiClient.swift in Sources */,
				5B08CEB42B566A2000F93F4F /* AnimalListViewCell.swift in Sources */,
				5B08CEDD2B56FD7B00F93F4F /* AnimalDetailViewController.swift in Sources */,
				5B08CEE72B57AC4800F93F4F /* Converter.swift in Sources */,
				5B08CE642B56665600F93F4F /* ViewController.swift in Sources */,
				5B206E122B5840AE002864DD /* AnimalFavoriteView.swift in Sources */,
				5B08CEC72B5687D000F93F4F /* ManualInjection.swift in Sources */,
				5B08CECB2B56898000F93F4F /* NetworkFetcher.swift in Sources */,
				5BEE12122B5FE761002D1D98 /* Collection+Ext.swift in Sources */,
				5B08CE602B56665600F93F4F /* AppDelegate.swift in Sources */,
				5B08CEA72B56687C00F93F4F /* AnimalListView.swift in Sources */,
				5B08CEC52B5687C400F93F4F /* Constant.swift in Sources */,
				5B08CED22B568E1800F93F4F /* AnimalListRequest.swift in Sources */,
				5B08CEE32B56FF4C00F93F4F /* AnimalDetailView.swift in Sources */,
				5B08CEE92B580B5F00F93F4F /* AnimalPhotoCollectionViewCell.swift in Sources */,
				5B08CEA52B56686700F93F4F /* AnimalListViewController.swift in Sources */,
				5B08CEC32B56879700F93F4F /* ErrorHandling.swift in Sources */,
				5B08CEB92B566CB000F93F4F /* UIFont+Ext.swift in Sources */,
				5B206E192B5AEB93002864DD /* AnimalAtlasLocaleDataSource.swift in Sources */,
				5B08CEBB2B566CDB00F93F4F /* UIColor+Ext.swift in Sources */,
				5B08CED42B568EEC00F93F4F /* AnimalListResponse.swift in Sources */,
				5B08CE622B56665600F93F4F /* SceneDelegate.swift in Sources */,
				5BEE12142B5FE79A002D1D98 /* AnimalDetailViewModel.swift in Sources */,
				5B08CECE2B568DF700F93F4F /* AnimalAtlasRemoteDataSource.swift in Sources */,
				5B08CE6A2B56665600F93F4F /* AnimalAtlas.xcdatamodeld in Sources */,
			);
			runOnlyForDeploymentPostprocessing = 0;
		};
		5B08CE712B56665700F93F4F /* Sources */ = {
			isa = PBXSourcesBuildPhase;
			buildActionMask = 2147483647;
			files = (
				5B08CE7A2B56665700F93F4F /* AnimalAtlasTests.swift in Sources */,
			);
			runOnlyForDeploymentPostprocessing = 0;
		};
		5B08CE7B2B56665700F93F4F /* Sources */ = {
			isa = PBXSourcesBuildPhase;
			buildActionMask = 2147483647;
			files = (
				5B08CE862B56665700F93F4F /* AnimalAtlasUITestsLaunchTests.swift in Sources */,
				5B08CE842B56665700F93F4F /* AnimalAtlasUITests.swift in Sources */,
			);
			runOnlyForDeploymentPostprocessing = 0;
		};
/* End PBXSourcesBuildPhase section */

/* Begin PBXTargetDependency section */
		5B08CE772B56665700F93F4F /* PBXTargetDependency */ = {
			isa = PBXTargetDependency;
			target = 5B08CE5B2B56665600F93F4F /* AnimalAtlas */;
			targetProxy = 5B08CE762B56665700F93F4F /* PBXContainerItemProxy */;
		};
		5B08CE812B56665700F93F4F /* PBXTargetDependency */ = {
			isa = PBXTargetDependency;
			target = 5B08CE5B2B56665600F93F4F /* AnimalAtlas */;
			targetProxy = 5B08CE802B56665700F93F4F /* PBXContainerItemProxy */;
		};
/* End PBXTargetDependency section */

/* Begin PBXVariantGroup section */
		5B08CE652B56665600F93F4F /* Main.storyboard */ = {
			isa = PBXVariantGroup;
			children = (
				5B08CE662B56665600F93F4F /* Base */,
			);
			name = Main.storyboard;
			sourceTree = "<group>";
		};
		5B08CE6D2B56665700F93F4F /* LaunchScreen.storyboard */ = {
			isa = PBXVariantGroup;
			children = (
				5B08CE6E2B56665700F93F4F /* Base */,
			);
			name = LaunchScreen.storyboard;
			sourceTree = "<group>";
		};
/* End PBXVariantGroup section */

/* Begin XCBuildConfiguration section */
		5B08CE872B56665700F93F4F /* Debug */ = {
			isa = XCBuildConfiguration;
			buildSettings = {
				ALWAYS_SEARCH_USER_PATHS = NO;
				ASSETCATALOG_COMPILER_GENERATE_SWIFT_ASSET_SYMBOL_EXTENSIONS = YES;
				CLANG_ANALYZER_NONNULL = YES;
				CLANG_ANALYZER_NUMBER_OBJECT_CONVERSION = YES_AGGRESSIVE;
				CLANG_CXX_LANGUAGE_STANDARD = "gnu++20";
				CLANG_ENABLE_MODULES = YES;
				CLANG_ENABLE_OBJC_ARC = YES;
				CLANG_ENABLE_OBJC_WEAK = YES;
				CLANG_WARN_BLOCK_CAPTURE_AUTORELEASING = YES;
				CLANG_WARN_BOOL_CONVERSION = YES;
				CLANG_WARN_COMMA = YES;
				CLANG_WARN_CONSTANT_CONVERSION = YES;
				CLANG_WARN_DEPRECATED_OBJC_IMPLEMENTATIONS = YES;
				CLANG_WARN_DIRECT_OBJC_ISA_USAGE = YES_ERROR;
				CLANG_WARN_DOCUMENTATION_COMMENTS = YES;
				CLANG_WARN_EMPTY_BODY = YES;
				CLANG_WARN_ENUM_CONVERSION = YES;
				CLANG_WARN_INFINITE_RECURSION = YES;
				CLANG_WARN_INT_CONVERSION = YES;
				CLANG_WARN_NON_LITERAL_NULL_CONVERSION = YES;
				CLANG_WARN_OBJC_IMPLICIT_RETAIN_SELF = YES;
				CLANG_WARN_OBJC_LITERAL_CONVERSION = YES;
				CLANG_WARN_OBJC_ROOT_CLASS = YES_ERROR;
				CLANG_WARN_QUOTED_INCLUDE_IN_FRAMEWORK_HEADER = YES;
				CLANG_WARN_RANGE_LOOP_ANALYSIS = YES;
				CLANG_WARN_STRICT_PROTOTYPES = YES;
				CLANG_WARN_SUSPICIOUS_MOVE = YES;
				CLANG_WARN_UNGUARDED_AVAILABILITY = YES_AGGRESSIVE;
				CLANG_WARN_UNREACHABLE_CODE = YES;
				CLANG_WARN__DUPLICATE_METHOD_MATCH = YES;
				COPY_PHASE_STRIP = NO;
				DEBUG_INFORMATION_FORMAT = dwarf;
				ENABLE_STRICT_OBJC_MSGSEND = YES;
				ENABLE_TESTABILITY = YES;
				ENABLE_USER_SCRIPT_SANDBOXING = YES;
				GCC_C_LANGUAGE_STANDARD = gnu17;
				GCC_DYNAMIC_NO_PIC = NO;
				GCC_NO_COMMON_BLOCKS = YES;
				GCC_OPTIMIZATION_LEVEL = 0;
				GCC_PREPROCESSOR_DEFINITIONS = (
					"DEBUG=1",
					"$(inherited)",
				);
				GCC_WARN_64_TO_32_BIT_CONVERSION = YES;
				GCC_WARN_ABOUT_RETURN_TYPE = YES_ERROR;
				GCC_WARN_UNDECLARED_SELECTOR = YES;
				GCC_WARN_UNINITIALIZED_AUTOS = YES_AGGRESSIVE;
				GCC_WARN_UNUSED_FUNCTION = YES;
				GCC_WARN_UNUSED_VARIABLE = YES;
				IPHONEOS_DEPLOYMENT_TARGET = 17.0;
				LOCALIZATION_PREFERS_STRING_CATALOGS = YES;
				MTL_ENABLE_DEBUG_INFO = INCLUDE_SOURCE;
				MTL_FAST_MATH = YES;
				ONLY_ACTIVE_ARCH = YES;
				SDKROOT = iphoneos;
				SWIFT_ACTIVE_COMPILATION_CONDITIONS = "DEBUG $(inherited)";
				SWIFT_OPTIMIZATION_LEVEL = "-Onone";
			};
			name = Debug;
		};
		5B08CE882B56665700F93F4F /* Release */ = {
			isa = XCBuildConfiguration;
			buildSettings = {
				ALWAYS_SEARCH_USER_PATHS = NO;
				ASSETCATALOG_COMPILER_GENERATE_SWIFT_ASSET_SYMBOL_EXTENSIONS = YES;
				CLANG_ANALYZER_NONNULL = YES;
				CLANG_ANALYZER_NUMBER_OBJECT_CONVERSION = YES_AGGRESSIVE;
				CLANG_CXX_LANGUAGE_STANDARD = "gnu++20";
				CLANG_ENABLE_MODULES = YES;
				CLANG_ENABLE_OBJC_ARC = YES;
				CLANG_ENABLE_OBJC_WEAK = YES;
				CLANG_WARN_BLOCK_CAPTURE_AUTORELEASING = YES;
				CLANG_WARN_BOOL_CONVERSION = YES;
				CLANG_WARN_COMMA = YES;
				CLANG_WARN_CONSTANT_CONVERSION = YES;
				CLANG_WARN_DEPRECATED_OBJC_IMPLEMENTATIONS = YES;
				CLANG_WARN_DIRECT_OBJC_ISA_USAGE = YES_ERROR;
				CLANG_WARN_DOCUMENTATION_COMMENTS = YES;
				CLANG_WARN_EMPTY_BODY = YES;
				CLANG_WARN_ENUM_CONVERSION = YES;
				CLANG_WARN_INFINITE_RECURSION = YES;
				CLANG_WARN_INT_CONVERSION = YES;
				CLANG_WARN_NON_LITERAL_NULL_CONVERSION = YES;
				CLANG_WARN_OBJC_IMPLICIT_RETAIN_SELF = YES;
				CLANG_WARN_OBJC_LITERAL_CONVERSION = YES;
				CLANG_WARN_OBJC_ROOT_CLASS = YES_ERROR;
				CLANG_WARN_QUOTED_INCLUDE_IN_FRAMEWORK_HEADER = YES;
				CLANG_WARN_RANGE_LOOP_ANALYSIS = YES;
				CLANG_WARN_STRICT_PROTOTYPES = YES;
				CLANG_WARN_SUSPICIOUS_MOVE = YES;
				CLANG_WARN_UNGUARDED_AVAILABILITY = YES_AGGRESSIVE;
				CLANG_WARN_UNREACHABLE_CODE = YES;
				CLANG_WARN__DUPLICATE_METHOD_MATCH = YES;
				COPY_PHASE_STRIP = NO;
				DEBUG_INFORMATION_FORMAT = "dwarf-with-dsym";
				ENABLE_NS_ASSERTIONS = NO;
				ENABLE_STRICT_OBJC_MSGSEND = YES;
				ENABLE_USER_SCRIPT_SANDBOXING = YES;
				GCC_C_LANGUAGE_STANDARD = gnu17;
				GCC_NO_COMMON_BLOCKS = YES;
				GCC_WARN_64_TO_32_BIT_CONVERSION = YES;
				GCC_WARN_ABOUT_RETURN_TYPE = YES_ERROR;
				GCC_WARN_UNDECLARED_SELECTOR = YES;
				GCC_WARN_UNINITIALIZED_AUTOS = YES_AGGRESSIVE;
				GCC_WARN_UNUSED_FUNCTION = YES;
				GCC_WARN_UNUSED_VARIABLE = YES;
				IPHONEOS_DEPLOYMENT_TARGET = 17.0;
				LOCALIZATION_PREFERS_STRING_CATALOGS = YES;
				MTL_ENABLE_DEBUG_INFO = NO;
				MTL_FAST_MATH = YES;
				SDKROOT = iphoneos;
				SWIFT_COMPILATION_MODE = wholemodule;
				VALIDATE_PRODUCT = YES;
			};
			name = Release;
		};
		5B08CE8A2B56665700F93F4F /* Debug */ = {
			isa = XCBuildConfiguration;
			buildSettings = {
				ASSETCATALOG_COMPILER_APPICON_NAME = AppIcon;
				ASSETCATALOG_COMPILER_GLOBAL_ACCENT_COLOR_NAME = AccentColor;
				CODE_SIGN_STYLE = Automatic;
				CURRENT_PROJECT_VERSION = 1;
				DEVELOPMENT_TEAM = T4NVTRVW5X;
				GENERATE_INFOPLIST_FILE = YES;
				INFOPLIST_FILE = AnimalAtlas/Info.plist;
				INFOPLIST_KEY_UIApplicationSupportsIndirectInputEvents = YES;
				INFOPLIST_KEY_UILaunchStoryboardName = LaunchScreen;
				INFOPLIST_KEY_UIMainStoryboardFile = Main;
				INFOPLIST_KEY_UISupportedInterfaceOrientations_iPad = "UIInterfaceOrientationPortrait UIInterfaceOrientationPortraitUpsideDown UIInterfaceOrientationLandscapeLeft UIInterfaceOrientationLandscapeRight";
				INFOPLIST_KEY_UISupportedInterfaceOrientations_iPhone = "UIInterfaceOrientationPortrait UIInterfaceOrientationLandscapeLeft UIInterfaceOrientationLandscapeRight";
				LD_RUNPATH_SEARCH_PATHS = (
					"$(inherited)",
					"@executable_path/Frameworks",
				);
				MARKETING_VERSION = 1.0;
				PRODUCT_BUNDLE_IDENTIFIER = com.teddy.AnimalAtlas;
				PRODUCT_NAME = "$(TARGET_NAME)";
				SWIFT_EMIT_LOC_STRINGS = YES;
				SWIFT_VERSION = 5.0;
				TARGETED_DEVICE_FAMILY = "1,2";
			};
			name = Debug;
		};
		5B08CE8B2B56665700F93F4F /* Release */ = {
			isa = XCBuildConfiguration;
			buildSettings = {
				ASSETCATALOG_COMPILER_APPICON_NAME = AppIcon;
				ASSETCATALOG_COMPILER_GLOBAL_ACCENT_COLOR_NAME = AccentColor;
				CODE_SIGN_STYLE = Automatic;
				CURRENT_PROJECT_VERSION = 1;
				DEVELOPMENT_TEAM = T4NVTRVW5X;
				GENERATE_INFOPLIST_FILE = YES;
				INFOPLIST_FILE = AnimalAtlas/Info.plist;
				INFOPLIST_KEY_UIApplicationSupportsIndirectInputEvents = YES;
				INFOPLIST_KEY_UILaunchStoryboardName = LaunchScreen;
				INFOPLIST_KEY_UIMainStoryboardFile = Main;
				INFOPLIST_KEY_UISupportedInterfaceOrientations_iPad = "UIInterfaceOrientationPortrait UIInterfaceOrientationPortraitUpsideDown UIInterfaceOrientationLandscapeLeft UIInterfaceOrientationLandscapeRight";
				INFOPLIST_KEY_UISupportedInterfaceOrientations_iPhone = "UIInterfaceOrientationPortrait UIInterfaceOrientationLandscapeLeft UIInterfaceOrientationLandscapeRight";
				LD_RUNPATH_SEARCH_PATHS = (
					"$(inherited)",
					"@executable_path/Frameworks",
				);
				MARKETING_VERSION = 1.0;
				PRODUCT_BUNDLE_IDENTIFIER = com.teddy.AnimalAtlas;
				PRODUCT_NAME = "$(TARGET_NAME)";
				SWIFT_EMIT_LOC_STRINGS = YES;
				SWIFT_VERSION = 5.0;
				TARGETED_DEVICE_FAMILY = "1,2";
			};
			name = Release;
		};
		5B08CE8D2B56665700F93F4F /* Debug */ = {
			isa = XCBuildConfiguration;
			buildSettings = {
				ALWAYS_EMBED_SWIFT_STANDARD_LIBRARIES = YES;
				BUNDLE_LOADER = "$(TEST_HOST)";
				CODE_SIGN_STYLE = Automatic;
				CURRENT_PROJECT_VERSION = 1;
				DEVELOPMENT_TEAM = T4NVTRVW5X;
				GENERATE_INFOPLIST_FILE = YES;
				IPHONEOS_DEPLOYMENT_TARGET = 17.0;
				MARKETING_VERSION = 1.0;
				PRODUCT_BUNDLE_IDENTIFIER = com.teddy.AnimalAtlasTests;
				PRODUCT_NAME = "$(TARGET_NAME)";
				SWIFT_EMIT_LOC_STRINGS = NO;
				SWIFT_VERSION = 5.0;
				TARGETED_DEVICE_FAMILY = "1,2";
				TEST_HOST = "$(BUILT_PRODUCTS_DIR)/AnimalAtlas.app/$(BUNDLE_EXECUTABLE_FOLDER_PATH)/AnimalAtlas";
			};
			name = Debug;
		};
		5B08CE8E2B56665700F93F4F /* Release */ = {
			isa = XCBuildConfiguration;
			buildSettings = {
				ALWAYS_EMBED_SWIFT_STANDARD_LIBRARIES = YES;
				BUNDLE_LOADER = "$(TEST_HOST)";
				CODE_SIGN_STYLE = Automatic;
				CURRENT_PROJECT_VERSION = 1;
				DEVELOPMENT_TEAM = T4NVTRVW5X;
				GENERATE_INFOPLIST_FILE = YES;
				IPHONEOS_DEPLOYMENT_TARGET = 17.0;
				MARKETING_VERSION = 1.0;
				PRODUCT_BUNDLE_IDENTIFIER = com.teddy.AnimalAtlasTests;
				PRODUCT_NAME = "$(TARGET_NAME)";
				SWIFT_EMIT_LOC_STRINGS = NO;
				SWIFT_VERSION = 5.0;
				TARGETED_DEVICE_FAMILY = "1,2";
				TEST_HOST = "$(BUILT_PRODUCTS_DIR)/AnimalAtlas.app/$(BUNDLE_EXECUTABLE_FOLDER_PATH)/AnimalAtlas";
			};
			name = Release;
		};
		5B08CE902B56665700F93F4F /* Debug */ = {
			isa = XCBuildConfiguration;
			buildSettings = {
				ALWAYS_EMBED_SWIFT_STANDARD_LIBRARIES = YES;
				CODE_SIGN_STYLE = Automatic;
				CURRENT_PROJECT_VERSION = 1;
				DEVELOPMENT_TEAM = T4NVTRVW5X;
				GENERATE_INFOPLIST_FILE = YES;
				MARKETING_VERSION = 1.0;
				PRODUCT_BUNDLE_IDENTIFIER = com.teddy.AnimalAtlasUITests;
				PRODUCT_NAME = "$(TARGET_NAME)";
				SWIFT_EMIT_LOC_STRINGS = NO;
				SWIFT_VERSION = 5.0;
				TARGETED_DEVICE_FAMILY = "1,2";
				TEST_TARGET_NAME = AnimalAtlas;
			};
			name = Debug;
		};
		5B08CE912B56665700F93F4F /* Release */ = {
			isa = XCBuildConfiguration;
			buildSettings = {
				ALWAYS_EMBED_SWIFT_STANDARD_LIBRARIES = YES;
				CODE_SIGN_STYLE = Automatic;
				CURRENT_PROJECT_VERSION = 1;
				DEVELOPMENT_TEAM = T4NVTRVW5X;
				GENERATE_INFOPLIST_FILE = YES;
				MARKETING_VERSION = 1.0;
				PRODUCT_BUNDLE_IDENTIFIER = com.teddy.AnimalAtlasUITests;
				PRODUCT_NAME = "$(TARGET_NAME)";
				SWIFT_EMIT_LOC_STRINGS = NO;
				SWIFT_VERSION = 5.0;
				TARGETED_DEVICE_FAMILY = "1,2";
				TEST_TARGET_NAME = AnimalAtlas;
			};
			name = Release;
		};
/* End XCBuildConfiguration section */

/* Begin XCConfigurationList section */
		5B08CE572B56665600F93F4F /* Build configuration list for PBXProject "AnimalAtlas" */ = {
			isa = XCConfigurationList;
			buildConfigurations = (
				5B08CE872B56665700F93F4F /* Debug */,
				5B08CE882B56665700F93F4F /* Release */,
			);
			defaultConfigurationIsVisible = 0;
			defaultConfigurationName = Release;
		};
		5B08CE892B56665700F93F4F /* Build configuration list for PBXNativeTarget "AnimalAtlas" */ = {
			isa = XCConfigurationList;
			buildConfigurations = (
				5B08CE8A2B56665700F93F4F /* Debug */,
				5B08CE8B2B56665700F93F4F /* Release */,
			);
			defaultConfigurationIsVisible = 0;
			defaultConfigurationName = Release;
		};
		5B08CE8C2B56665700F93F4F /* Build configuration list for PBXNativeTarget "AnimalAtlasTests" */ = {
			isa = XCConfigurationList;
			buildConfigurations = (
				5B08CE8D2B56665700F93F4F /* Debug */,
				5B08CE8E2B56665700F93F4F /* Release */,
			);
			defaultConfigurationIsVisible = 0;
			defaultConfigurationName = Release;
		};
		5B08CE8F2B56665700F93F4F /* Build configuration list for PBXNativeTarget "AnimalAtlasUITests" */ = {
			isa = XCConfigurationList;
			buildConfigurations = (
				5B08CE902B56665700F93F4F /* Debug */,
				5B08CE912B56665700F93F4F /* Release */,
			);
			defaultConfigurationIsVisible = 0;
			defaultConfigurationName = Release;
		};
/* End XCConfigurationList section */

/* Begin XCRemoteSwiftPackageReference section */
		5B08CE922B56677200F93F4F /* XCRemoteSwiftPackageReference "SnapKit" */ = {
			isa = XCRemoteSwiftPackageReference;
			repositoryURL = "https://github.com/SnapKit/SnapKit.git";
			requirement = {
				kind = upToNextMajorVersion;
				minimumVersion = 5.7.0;
			};
		};
		5B08CE932B56677F00F93F4F /* XCRemoteSwiftPackageReference "Kingfisher" */ = {
			isa = XCRemoteSwiftPackageReference;
			repositoryURL = "https://github.com/onevcat/Kingfisher.git";
			requirement = {
				kind = upToNextMajorVersion;
				minimumVersion = 7.10.2;
			};
		};
		5B08CE962B56678C00F93F4F /* XCRemoteSwiftPackageReference "RxSwift" */ = {
			isa = XCRemoteSwiftPackageReference;
			repositoryURL = "https://github.com/ReactiveX/RxSwift.git";
			requirement = {
				kind = upToNextMajorVersion;
				minimumVersion = 6.6.0;
			};
		};
/* End XCRemoteSwiftPackageReference section */

/* Begin XCSwiftPackageProductDependency section */
		5B08CE942B56677F00F93F4F /* Kingfisher */ = {
			isa = XCSwiftPackageProductDependency;
			package = 5B08CE932B56677F00F93F4F /* XCRemoteSwiftPackageReference "Kingfisher" */;
			productName = Kingfisher;
		};
		5B08CEA82B56699700F93F4F /* RxCocoa */ = {
			isa = XCSwiftPackageProductDependency;
			package = 5B08CE962B56678C00F93F4F /* XCRemoteSwiftPackageReference "RxSwift" */;
			productName = RxCocoa;
		};
		5B08CEAA2B56699700F93F4F /* RxRelay */ = {
			isa = XCSwiftPackageProductDependency;
			package = 5B08CE962B56678C00F93F4F /* XCRemoteSwiftPackageReference "RxSwift" */;
			productName = RxRelay;
		};
		5B08CEAC2B56699700F93F4F /* RxSwift */ = {
			isa = XCSwiftPackageProductDependency;
			package = 5B08CE962B56678C00F93F4F /* XCRemoteSwiftPackageReference "RxSwift" */;
			productName = RxSwift;
		};
		5B08CEAE2B5669B700F93F4F /* SnapKit */ = {
			isa = XCSwiftPackageProductDependency;
			package = 5B08CE922B56677200F93F4F /* XCRemoteSwiftPackageReference "SnapKit" */;
			productName = SnapKit;
		};
/* End XCSwiftPackageProductDependency section */

/* Begin XCVersionGroup section */
		5B08CE682B56665600F93F4F /* AnimalAtlas.xcdatamodeld */ = {
			isa = XCVersionGroup;
			children = (
				5B08CE692B56665600F93F4F /* AnimalAtlas.xcdatamodel */,
			);
			currentVersion = 5B08CE692B56665600F93F4F /* AnimalAtlas.xcdatamodel */;
			path = AnimalAtlas.xcdatamodeld;
			sourceTree = "<group>";
			versionGroupType = wrapper.xcdatamodel;
		};
/* End XCVersionGroup section */
	};
	rootObject = 5B08CE542B56665600F93F4F /* Project object */;
}
